
Microsoft Visual Studio Solution File, Format Version 12.00
# Visual Studio Version 17
VisualStudioVersion = 17.9.34701.34
MinimumVisualStudioVersion = 10.0.40219.1
Project("{FAE04EC0-301F-11D3-BF4B-00C04F79EFBC}") = "EmployeesLibrary", "EmployeesLibrary.csproj", "{55A8BB31-352D-4071-B570-526D3F6E642E}"
EndProject
Global
	GlobalSection(SolutionConfigurationPlatforms) = preSolution
		Debug|Any CPU = Debug|Any CPU
		Release|Any CPU = Release|Any CPU
	EndGlobalSection
	GlobalSection(ProjectConfigurationPlatforms) = postSolution
		{55A8BB31-352D-4071-B570-526D3F6E642E}.Debug|Any CPU.ActiveCfg = Debug|Any CPU
		{55A8BB31-352D-4071-B570-526D3F6E642E}.Debug|Any CPU.Build.0 = Debug|Any CPU
		{55A8BB31-352D-4071-B570-526D3F6E642E}.Release|Any CPU.ActiveCfg = Release|Any CPU
		{55A8BB31-352D-4071-B570-526D3F6E642E}.Release|Any CPU.Build.0 = Release|Any CPU
	EndGlobalSection
	GlobalSection(SolutionProperties) = preSolution
		HideSolutionNode = FALSE
	EndGlobalSection
	GlobalSection(ExtensibilityGlobals) = postSolution
		SolutionGuid = {CEE82ADB-A714-4019-AE32-B7FC44EE6246}
	EndGlobalSection
EndGlobal
